# THIS IS AN AUTOGENERATED FILE. DO NOT EDIT THIS FILE DIRECTLY.
# yarn lockfile v1


accepts@^1.3.5:
  version "1.3.7"
  resolved "https://registry.npmjs.org/accepts/-/accepts-1.3.7.tgz"
  integrity sha512-Il80Qs2WjYlJIBNzNkK6KYqlVMTbZLXgHx2oT0pU/fjRHyEp+PEfEPY0R3WCwAGVOtauxh1hOxNgIf5bv7dQpA==
  dependencies:
    mime-types "~2.1.24"
    negotiator "0.6.2"

any-promise@^1.1.0:
  version "1.3.0"
  resolved "https://registry.npmjs.org/any-promise/-/any-promise-1.3.0.tgz"
  integrity sha1-q8av7tzqUugJzcA3au0845Y10X8=

append-field@^0.1.0:
  version "0.1.0"
  resolved "https://registry.npmjs.org/append-field/-/append-field-0.1.0.tgz"
  integrity sha1-bdxY+gg8e8VF08WZWygwzCNm1Eo=

buffer-from@^1.0.0:
  version "1.1.1"
  resolved "https://registry.npmjs.org/buffer-from/-/buffer-from-1.1.1.tgz"
  integrity sha512-MQcXEUbCKtEo7bhqEs6560Hyd4XaovZlO/k9V3hjVUF/zwW7KBVdSK4gIt/bzwS9MbR5qob+F5jusZsb0YQK2A==

busboy@^0.2.11:
  version "0.2.14"
  resolved "https://registry.npmjs.org/busboy/-/busboy-0.2.14.tgz"
  integrity sha1-bCpiLvz0fFe7vh4qnDetNseSVFM=
  dependencies:
    dicer "0.2.5"
    readable-stream "1.1.x"

bytes@3.1.0:
  version "3.1.0"
  resolved "https://registry.npmjs.org/bytes/-/bytes-3.1.0.tgz"
  integrity sha512-zauLjrfCG+xvoyaqLoV8bLVXXNGC4JqlxFCutSDWA6fJrTo2ZuvLYTqZ7aHBLZSMOopbzwv8f+wZcVzfVTI2Dg==

cache-content-type@^1.0.0:
  version "1.0.1"
  resolved "https://registry.npmjs.org/cache-content-type/-/cache-content-type-1.0.1.tgz"
  integrity sha512-IKufZ1o4Ut42YUrZSo8+qnMTrFuKkvyoLXUywKz9GJ5BrhOFGhLdkx9sG4KAnVvbY6kEcSFjLQul+DVmBm2bgA==
  dependencies:
    mime-types "^2.1.18"
    ylru "^1.2.0"

call-bind@^1.0.0:
  version "1.0.2"
  resolved "https://registry.npmjs.org/call-bind/-/call-bind-1.0.2.tgz"
  integrity sha512-7O+FbCihrB5WGbFYesctwmTKae6rOiIzmz1icreWJ+0aA7LJfuqhEso2T9ncpcFtzMQtzXf2QGGueWJGTYsqrA==
  dependencies:
    function-bind "^1.1.1"
    get-intrinsic "^1.0.2"

co-body@^6.0.0:
  version "6.1.0"
  resolved "https://registry.npmjs.org/co-body/-/co-body-6.1.0.tgz"
  integrity sha512-m7pOT6CdLN7FuXUcpuz/8lfQ/L77x8SchHCF4G0RBTJO20Wzmhn5Sp4/5WsKy8OSpifBSUrmg83qEqaDHdyFuQ==
  dependencies:
    inflation "^2.0.0"
    qs "^6.5.2"
    raw-body "^2.3.3"
    type-is "^1.6.16"

co@^4.6.0:
  version "4.6.0"
  resolved "https://registry.npmjs.org/co/-/co-4.6.0.tgz"
  integrity sha1-bqa989hTrlTMuOR7+gvz+QMfsYQ=

concat-stream@^1.5.0:
  version "1.6.2"
  resolved "https://registry.npmjs.org/concat-stream/-/concat-stream-1.6.2.tgz"
  integrity sha512-27HBghJxjiZtIk3Ycvn/4kbJk/1uZuJFfuPEns6LaEvpvG1f0hTea8lilrouyo9mVc2GWdcEZ8OLoGmSADlrCw==
  dependencies:
    buffer-from "^1.0.0"
    inherits "^2.0.3"
    readable-stream "^2.2.2"
    typedarray "^0.0.6"

content-disposition@~0.5.2:
  version "0.5.3"
  resolved "https://registry.npmjs.org/content-disposition/-/content-disposition-0.5.3.tgz"
  integrity sha512-ExO0774ikEObIAEV9kDo50o+79VCUdEB6n6lzKgGwupcVeRlhrj3qGAfwq8G6uBJjkqLrhT0qEYFcWng8z1z0g==
  dependencies:
    safe-buffer "5.1.2"

content-type@^1.0.4:
  version "1.0.4"
  resolved "https://registry.npmjs.org/content-type/-/content-type-1.0.4.tgz"
  integrity sha512-hIP3EEPs8tB9AT1L+NUqtwOAps4mk2Zob89MWXMHjHWg9milF/j4osnnQLXBCBFBk/tvIG/tUc9mOUJiPBhPXA==

cookies@~0.8.0:
  version "0.8.0"
  resolved "https://registry.npmjs.org/cookies/-/cookies-0.8.0.tgz"
  integrity sha512-8aPsApQfebXnuI+537McwYsDtjVxGm8gTIzQI3FDW6t5t/DAhERxtnbEPN/8RX+uZthoz4eCOgloXaE5cYyNow==
  dependencies:
    depd "~2.0.0"
    keygrip "~1.1.0"

copy-to@^2.0.1:
  version "2.0.1"
  resolved "https://registry.npmjs.org/copy-to/-/copy-to-2.0.1.tgz"
  integrity sha1-JoD7uAaKSNCGVrYJgJK9r8kG9KU=

core-util-is@~1.0.0:
  version "1.0.2"
  resolved "https://registry.npmjs.org/core-util-is/-/core-util-is-1.0.2.tgz"
  integrity sha1-tf1UIgqivFq1eqtxQMlAdUUDwac=

debug@^3.1.0:
  version "3.2.7"
  resolved "https://registry.yarnpkg.com/debug/-/debug-3.2.7.tgz#72580b7e9145fb39b6676f9c5e5fb100b934179a"
  integrity sha512-CFjzYYAi4ThfiQvizrFQevTTXHtnCqWfe7x1AhgEscTz6ZbLbfoLRLPugTQyBth6f8ZERVUSyWHFD/7Wu4t1XQ==
  dependencies:
    ms "^2.1.1"

debug@^4.1.1:
  version "4.3.1"
  resolved "https://registry.npmjs.org/debug/-/debug-4.3.1.tgz"
  integrity sha512-doEwdvm4PCeK4K3RQN2ZC2BYUBaxwLARCqZmMjtF8a51J2Rb0xpVloFRnCODwqjpwnAoao4pelN8l3RJdv3gRQ==
  dependencies:
    ms "2.1.2"

debug@~3.1.0:
  version "3.1.0"
  resolved "https://registry.npmjs.org/debug/-/debug-3.1.0.tgz"
  integrity sha512-OX8XqP7/1a9cqkxYw2yXss15f26NKWBpDXQd0/uK/KPqdQhxbPa994hnzjcE2VqQpDslf55723cKPUOGSmMY3g==
  dependencies:
    ms "2.0.0"

deep-equal@~1.0.1:
  version "1.0.1"
  resolved "https://registry.npmjs.org/deep-equal/-/deep-equal-1.0.1.tgz"
  integrity sha1-9dJgKStmDghO/0zbyfCK0yR0SLU=

delegates@^1.0.0:
  version "1.0.0"
  resolved "https://registry.npmjs.org/delegates/-/delegates-1.0.0.tgz"
  integrity sha1-hMbhWbgZBP3KWaDvRM2HDTElD5o=

depd@^2.0.0, depd@~2.0.0:
  version "2.0.0"
  resolved "https://registry.npmjs.org/depd/-/depd-2.0.0.tgz"
  integrity sha512-g7nH6P6dyDioJogAAGprGpCtVImJhpPk/roCzdb3fIh61/s/nPsfR6onyMwkCAR/OlC3yBC0lESvUoQEAssIrw==

depd@~1.1.2:
  version "1.1.2"
  resolved "https://registry.npmjs.org/depd/-/depd-1.1.2.tgz"
  integrity sha1-m81S4UwJd2PnSbJ0xDRu0uVgtak=

destroy@^1.0.4:
  version "1.0.4"
  resolved "https://registry.npmjs.org/destroy/-/destroy-1.0.4.tgz"
  integrity sha1-l4hXRCxEdJ5CBmE+N5RiBYJqvYA=

dicer@0.2.5:
  version "0.2.5"
  resolved "https://registry.npmjs.org/dicer/-/dicer-0.2.5.tgz"
  integrity sha1-WZbAhrszIYyBLAkL3cCc0S+stw8=
  dependencies:
    readable-stream "1.1.x"
    streamsearch "0.1.2"

ee-first@1.1.1:
  version "1.1.1"
  resolved "https://registry.npmjs.org/ee-first/-/ee-first-1.1.1.tgz"
  integrity sha1-WQxhFWsK4vTwJVcyoViyZrxWsh0=

encodeurl@^1.0.2:
  version "1.0.2"
  resolved "https://registry.npmjs.org/encodeurl/-/encodeurl-1.0.2.tgz"
  integrity sha1-rT/0yG7C0CkyL1oCw6mmBslbP1k=

escape-html@^1.0.3:
  version "1.0.3"
  resolved "https://registry.npmjs.org/escape-html/-/escape-html-1.0.3.tgz"
  integrity sha1-Aljq5NPQwJdN4cFpGI7wBR0dGYg=

fresh@~0.5.2:
  version "0.5.2"
  resolved "https://registry.npmjs.org/fresh/-/fresh-0.5.2.tgz"
  integrity sha1-PYyt2Q2XZWn6g1qx+OSyOhBWBac=

function-bind@^1.1.1:
  version "1.1.1"
  resolved "https://registry.npmjs.org/function-bind/-/function-bind-1.1.1.tgz"
  integrity sha512-yIovAzMX49sF8Yl58fSCWJ5svSLuaibPxXQJFLmBObTuCr0Mf1KiPopGM9NiFjiYBCbfaa2Fh6breQ6ANVTI0A==

get-intrinsic@^1.0.2:
  version "1.1.1"
  resolved "https://registry.npmjs.org/get-intrinsic/-/get-intrinsic-1.1.1.tgz"
  integrity sha512-kWZrnVM42QCiEA2Ig1bG8zjoIMOgxWwYCEeNdwY6Tv/cOSeGpcoX4pXHfKUxNKVoArnrEr2e9srnAxxGIraS9Q==
  dependencies:
    function-bind "^1.1.1"
    has "^1.0.3"
    has-symbols "^1.0.1"

has-symbols@^1.0.1:
  version "1.0.2"
  resolved "https://registry.npmjs.org/has-symbols/-/has-symbols-1.0.2.tgz"
  integrity sha512-chXa79rL/UC2KlX17jo3vRGz0azaWEx5tGqZg5pO3NUyEJVB17dMruQlzCCOfUvElghKcm5194+BCRvi2Rv/Gw==

has@^1.0.3:
  version "1.0.3"
  resolved "https://registry.npmjs.org/has/-/has-1.0.3.tgz"
  integrity sha512-f2dvO0VU6Oej7RkWJGrehjbzMAjFp5/VKPp5tTpWIV4JHHZK1/BxbFRtf/siA2SWTe09caDmVtYYzWEIbBS4zw==
  dependencies:
    function-bind "^1.1.1"

http-assert@^1.3.0:
  version "1.4.1"
  resolved "https://registry.npmjs.org/http-assert/-/http-assert-1.4.1.tgz"
  integrity sha512-rdw7q6GTlibqVVbXr0CKelfV5iY8G2HqEUkhSk297BMbSpSL8crXC+9rjKoMcZZEsksX30le6f/4ul4E28gegw==
  dependencies:
    deep-equal "~1.0.1"
    http-errors "~1.7.2"

http-errors@1.7.3, http-errors@~1.7.2:
  version "1.7.3"
  resolved "https://registry.npmjs.org/http-errors/-/http-errors-1.7.3.tgz"
  integrity sha512-ZTTX0MWrsQ2ZAhA1cejAwDLycFsd7I7nVtnkT3Ol0aqodaKW+0CTZDQ1uBv5whptCnc8e8HeRRJxRs0kmm/Qfw==
  dependencies:
    depd "~1.1.2"
    inherits "2.0.4"
    setprototypeof "1.1.1"
    statuses ">= 1.5.0 < 2"
    toidentifier "1.0.0"

http-errors@^1.6.3, http-errors@^1.7.3:
  version "1.8.0"
  resolved "https://registry.npmjs.org/http-errors/-/http-errors-1.8.0.tgz"
  integrity sha512-4I8r0C5JDhT5VkvI47QktDW75rNlGVsUf/8hzjCC/wkWI/jdTRmBb9aI7erSG82r1bjKY3F6k28WnsVxB1C73A==
  dependencies:
    depd "~1.1.2"
    inherits "2.0.4"
    setprototypeof "1.2.0"
    statuses ">= 1.5.0 < 2"
    toidentifier "1.0.0"

http-errors@~1.6.2:
  version "1.6.3"
  resolved "https://registry.yarnpkg.com/http-errors/-/http-errors-1.6.3.tgz#8b55680bb4be283a0b5bf4ea2e38580be1d9320d"
  integrity sha1-i1VoC7S+KDoLW/TqLjhYC+HZMg0=
  dependencies:
    depd "~1.1.2"
    inherits "2.0.3"
    setprototypeof "1.1.0"
    statuses ">= 1.4.0 < 2"

iconv-lite@0.4.24:
  version "0.4.24"
  resolved "https://registry.npmjs.org/iconv-lite/-/iconv-lite-0.4.24.tgz"
  integrity sha512-v3MXnZAcvnywkTUEZomIActle7RXXeedOR31wwl7VlyoXO4Qi9arvSenNQWne1TcRwhCL1HwLI21bEqdpj8/rA==
  dependencies:
    safer-buffer ">= 2.1.2 < 3"

inflation@^2.0.0:
  version "2.0.0"
  resolved "https://registry.npmjs.org/inflation/-/inflation-2.0.0.tgz"
  integrity sha1-i0F+R8KPklpFEz2RTKH9OJEH8w8=

inherits@2.0.3:
  version "2.0.3"
  resolved "https://registry.yarnpkg.com/inherits/-/inherits-2.0.3.tgz#633c2c83e3da42a502f52466022480f4208261de"
  integrity sha1-Yzwsg+PaQqUC9SRmAiSA9CCCYd4=

inherits@2.0.4, inherits@^2.0.3, inherits@~2.0.1, inherits@~2.0.3:
  version "2.0.4"
  resolved "https://registry.npmjs.org/inherits/-/inherits-2.0.4.tgz"
  integrity sha512-k/vGaX4/Yla3WzyMCvTQOXYeIHvqOKtnqBduzTHpzpQZzAskKMhZ2K+EnBiSM9zGSoIFeMpXKxa4dYeZIQqewQ==

is-generator-function@^1.0.7:
  version "1.0.9"
  resolved "https://registry.npmjs.org/is-generator-function/-/is-generator-function-1.0.9.tgz"
  integrity sha512-ZJ34p1uvIfptHCN7sFTjGibB9/oBg17sHqzDLfuwhvmN/qLVvIQXRQ8licZQ35WJ8KuEQt/etnnzQFI9C9Ue/A==

isarray@0.0.1:
  version "0.0.1"
  resolved "https://registry.npmjs.org/isarray/-/isarray-0.0.1.tgz"
  integrity sha1-ihis/Kmo9Bd+Cav8YDiTmwXR7t8=

isarray@~1.0.0:
  version "1.0.0"
  resolved "https://registry.npmjs.org/isarray/-/isarray-1.0.0.tgz"
  integrity sha1-u5NdSFgsuhaMBoNJV6VKPgcSTxE=

keygrip@~1.1.0:
  version "1.1.0"
  resolved "https://registry.npmjs.org/keygrip/-/keygrip-1.1.0.tgz"
  integrity sha512-iYSchDJ+liQ8iwbSI2QqsQOvqv58eJCEanyJPJi+Khyu8smkcKSFUCbPwzFcL7YVtZ6eONjqRX/38caJ7QjRAQ==
  dependencies:
    tsscmp "1.0.6"

koa-bodyparser@^4.3.0:
  version "4.3.0"
  resolved "https://registry.npmjs.org/koa-bodyparser/-/koa-bodyparser-4.3.0.tgz"
  integrity sha512-uyV8G29KAGwZc4q/0WUAjH+Tsmuv9ImfBUF2oZVyZtaeo0husInagyn/JH85xMSxM0hEk/mbCII5ubLDuqW/Rw==
  dependencies:
    co-body "^6.0.0"
    copy-to "^2.0.1"

koa-compose@^3.0.0:
  version "3.2.1"
  resolved "https://registry.npmjs.org/koa-compose/-/koa-compose-3.2.1.tgz"
  integrity sha1-qFzLQLfZhtjlo0Wzoazo6rz1Tec=
  dependencies:
    any-promise "^1.1.0"

koa-compose@^4.1.0:
  version "4.1.0"
  resolved "https://registry.npmjs.org/koa-compose/-/koa-compose-4.1.0.tgz"
  integrity sha512-8ODW8TrDuMYvXRwra/Kh7/rJo9BtOfPc6qO8eAfC80CnCvSjSl0bkRM24X6/XBBEyj0v1nRUQ1LyOy3dbqOWXw==

koa-convert@^1.2.0:
  version "1.2.0"
  resolved "https://registry.npmjs.org/koa-convert/-/koa-convert-1.2.0.tgz"
  integrity sha1-2kCHXfSd4FOQmNFwC1CCDOvNIdA=
  dependencies:
    co "^4.6.0"
    koa-compose "^3.0.0"

koa-multer@^1.0.2:
  version "1.0.2"
  resolved "https://registry.npmjs.org/koa-multer/-/koa-multer-1.0.2.tgz"
  integrity sha512-0kFzN4atVd+9oiG+4fYxQ9S2T3dPhKNvmhITIY606Qn9wLEmfhW0DhSpOzRYhddN//4rh/TCK95TMtflmFa5lA==
  dependencies:
    multer "1.3.0"

koa-router@^10.0.0:
  version "10.0.0"
  resolved "https://registry.npmjs.org/koa-router/-/koa-router-10.0.0.tgz"
  integrity sha512-gAE5J1gBQTvfR8rMMtMUkE26+1MbO3DGpGmvfmM2pR9Z7w2VIb2Ecqeal98yVO7+4ltffby7gWOzpCmdNOQe0w==
  dependencies:
    debug "^4.1.1"
    http-errors "^1.7.3"
    koa-compose "^4.1.0"
    methods "^1.1.2"
    path-to-regexp "^6.1.0"

koa-send@^5.0.0:
  version "5.0.1"
  resolved "https://registry.yarnpkg.com/koa-send/-/koa-send-5.0.1.tgz#39dceebfafb395d0d60beaffba3a70b4f543fe79"
  integrity sha512-tmcyQ/wXXuxpDxyNXv5yNNkdAMdFRqwtegBXUaowiQzUKqJehttS0x2j0eOZDQAyloAth5w6wwBImnFzkUz3pQ==
  dependencies:
    debug "^4.1.1"
    http-errors "^1.7.3"
    resolve-path "^1.4.0"

koa-static@^5.0.0:
  version "5.0.0"
  resolved "https://registry.yarnpkg.com/koa-static/-/koa-static-5.0.0.tgz#5e92fc96b537ad5219f425319c95b64772776943"
  integrity sha512-UqyYyH5YEXaJrf9S8E23GoJFQZXkBVJ9zYYMPGz919MSX1KuvAcycIuS0ci150HCoPf4XQVhQ84Qf8xRPWxFaQ==
  dependencies:
    debug "^3.1.0"
    koa-send "^5.0.0"

koa@^2.13.1:
  version "2.13.1"
  resolved "https://registry.npmjs.org/koa/-/koa-2.13.1.tgz"
  integrity sha512-Lb2Dloc72auj5vK4X4qqL7B5jyDPQaZucc9sR/71byg7ryoD1NCaCm63CShk9ID9quQvDEi1bGR/iGjCG7As3w==
  dependencies:
    accepts "^1.3.5"
    cache-content-type "^1.0.0"
    content-disposition "~0.5.2"
    content-type "^1.0.4"
    cookies "~0.8.0"
    debug "~3.1.0"
    delegates "^1.0.0"
    depd "^2.0.0"
    destroy "^1.0.4"
    encodeurl "^1.0.2"
    escape-html "^1.0.3"
    fresh "~0.5.2"
    http-assert "^1.3.0"
    http-errors "^1.6.3"
    is-generator-function "^1.0.7"
    koa-compose "^4.1.0"
    koa-convert "^1.2.0"
    on-finished "^2.3.0"
    only "~0.0.2"
    parseurl "^1.3.2"
    statuses "^1.5.0"
    type-is "^1.6.16"
    vary "^1.1.2"

media-typer@0.3.0:
  version "0.3.0"
  resolved "https://registry.npmjs.org/media-typer/-/media-typer-0.3.0.tgz"
  integrity sha1-hxDXrwqmJvj/+hzgAWhUUmMlV0g=

methods@^1.1.2:
  version "1.1.2"
  resolved "https://registry.npmjs.org/methods/-/methods-1.1.2.tgz"
  integrity sha1-VSmk1nZUE07cxSZmVoNbD4Ua/O4=

mime-db@1.48.0:
  version "1.48.0"
  resolved "https://registry.npmjs.org/mime-db/-/mime-db-1.48.0.tgz"
  integrity sha512-FM3QwxV+TnZYQ2aRqhlKBMHxk10lTbMt3bBkMAp54ddrNeVSfcQYOOKuGuy3Ddrm38I04If834fOUSq1yzslJQ==

mime-types@^2.1.18, mime-types@~2.1.24:
  version "2.1.31"
  resolved "https://registry.npmjs.org/mime-types/-/mime-types-2.1.31.tgz"
  integrity sha512-XGZnNzm3QvgKxa8dpzyhFTHmpP3l5YNusmne07VUOXxou9CqUqYa/HBy124RqtVh/O2pECas/MOcsDgpilPOPg==
  dependencies:
    mime-db "1.48.0"

minimist@^1.2.5:
  version "1.2.5"
  resolved "https://registry.npmjs.org/minimist/-/minimist-1.2.5.tgz"
  integrity sha512-FM9nNUYrRBAELZQT3xeZQ7fmMOBg6nWNmJKTcgsJeaLstP/UODVpGsr5OhXhhXg6f+qtJ8uiZ+PUxkDWcgIXLw==

mkdirp@^0.5.1:
  version "0.5.5"
  resolved "https://registry.npmjs.org/mkdirp/-/mkdirp-0.5.5.tgz"
  integrity sha512-NKmAlESf6jMGym1++R0Ra7wvhV+wFW63FaSOFPwRahvea0gMUcGUhVeAg/0BC0wiv9ih5NYPB1Wn1UEI1/L+xQ==
  dependencies:
    minimist "^1.2.5"

ms@2.0.0:
  version "2.0.0"
  resolved "https://registry.npmjs.org/ms/-/ms-2.0.0.tgz"
  integrity sha1-VgiurfwAvmwpAd9fmGF4jeDVl8g=

ms@2.1.2:
  version "2.1.2"
  resolved "https://registry.npmjs.org/ms/-/ms-2.1.2.tgz"
  integrity sha512-sGkPx+VjMtmA6MX27oA4FBFELFCZZ4S4XqeGOXCv68tT+jb3vk/RyaKWP0PTKyWtmLSM0b+adUTEvbs1PEaH2w==

ms@^2.1.1:
  version "2.1.3"
  resolved "https://registry.yarnpkg.com/ms/-/ms-2.1.3.tgz#574c8138ce1d2b5861f0b44579dbadd60c6615b2"
  integrity sha512-6FlzubTLZG3J2a/NVCAleEhjzq5oxgHyaCU9yYXvcLsvoVaHJq/s5xXI6/XXP6tz7R9xAOtHnSO/tXtF3WRTlA==

multer@1.3.0:
  version "1.3.0"
  resolved "https://registry.npmjs.org/multer/-/multer-1.3.0.tgz"
  integrity sha1-CSsmcPaEb6SRSWXvyM+Uwg/sbNI=
  dependencies:
    append-field "^0.1.0"
    busboy "^0.2.11"
    concat-stream "^1.5.0"
    mkdirp "^0.5.1"
    object-assign "^3.0.0"
    on-finished "^2.3.0"
    type-is "^1.6.4"
    xtend "^4.0.0"

negotiator@0.6.2:
  version "0.6.2"
  resolved "https://registry.npmjs.org/negotiator/-/negotiator-0.6.2.tgz"
  integrity sha512-hZXc7K2e+PgeI1eDBe/10Ard4ekbfrrqG8Ep+8Jmf4JID2bNg7NvCPOZN+kfF574pFQI7mum2AUqDidoKqcTOw==

object-assign@^3.0.0:
  version "3.0.0"
  resolved "https://registry.npmjs.org/object-assign/-/object-assign-3.0.0.tgz"
  integrity sha1-m+3VygiXlJvKR+f/QIBi1Un1h/I=

object-inspect@^1.9.0:
  version "1.10.3"
  resolved "https://registry.npmjs.org/object-inspect/-/object-inspect-1.10.3.tgz"
  integrity sha512-e5mCJlSH7poANfC8z8S9s9S2IN5/4Zb3aZ33f5s8YqoazCFzNLloLU8r5VCG+G7WoqLvAAZoVMcy3tp/3X0Plw==

on-finished@^2.3.0:
  version "2.3.0"
  resolved "https://registry.npmjs.org/on-finished/-/on-finished-2.3.0.tgz"
  integrity sha1-IPEzZIGwg811M3mSoWlxqi2QaUc=
  dependencies:
    ee-first "1.1.1"

only@~0.0.2:
  version "0.0.2"
  resolved "https://registry.npmjs.org/only/-/only-0.0.2.tgz"
  integrity sha1-Kv3oTQPlC5qO3EROMGEKcCle37Q=

parseurl@^1.3.2:
  version "1.3.3"
  resolved "https://registry.npmjs.org/parseurl/-/parseurl-1.3.3.tgz"
  integrity sha512-CiyeOxFT/JZyN5m0z9PfXw4SCBJ6Sygz1Dpl0wqjlhDEGGBP1GnsUVEL0p63hoG1fcj3fHynXi9NYO4nWOL+qQ==

path-is-absolute@1.0.1:
  version "1.0.1"
  resolved "https://registry.yarnpkg.com/path-is-absolute/-/path-is-absolute-1.0.1.tgz#174b9268735534ffbc7ace6bf53a5a9e1b5c5f5f"
  integrity sha1-F0uSaHNVNP+8es5r9TpanhtcX18=

path-to-regexp@^6.1.0:
  version "6.2.0"
  resolved "https://registry.npmjs.org/path-to-regexp/-/path-to-regexp-6.2.0.tgz"
  integrity sha512-f66KywYG6+43afgE/8j/GoiNyygk/bnoCbps++3ErRKsIYkGGupyv07R2Ok5m9i67Iqc+T2g1eAUGUPzWhYTyg==

process-nextick-args@~2.0.0:
  version "2.0.1"
  resolved "https://registry.npmjs.org/process-nextick-args/-/process-nextick-args-2.0.1.tgz"
  integrity sha512-3ouUOpQhtgrbOa17J7+uxOTpITYWaGP7/AhoR3+A+/1e9skrzelGi/dXzEYyvbxubEF6Wn2ypscTKiKJFFn1ag==

qs@^6.5.2:
  version "6.10.1"
  resolved "https://registry.npmjs.org/qs/-/qs-6.10.1.tgz"
  integrity sha512-M528Hph6wsSVOBiYUnGf+K/7w0hNshs/duGsNXPUCLH5XAqjEtiPGwNONLV0tBH8NoGb0mvD5JubnUTrujKDTg==
  dependencies:
    side-channel "^1.0.4"

raw-body@^2.3.3:
  version "2.4.1"
  resolved "https://registry.npmjs.org/raw-body/-/raw-body-2.4.1.tgz"
  integrity sha512-9WmIKF6mkvA0SLmA2Knm9+qj89e+j1zqgyn8aXGd7+nAduPoqgI9lO57SAZNn/Byzo5P7JhXTyg9PzaJbH73bA==
  dependencies:
    bytes "3.1.0"
    http-errors "1.7.3"
    iconv-lite "0.4.24"
    unpipe "1.0.0"

readable-stream@1.1.x:
  version "1.1.14"
  resolved "https://registry.npmjs.org/readable-stream/-/readable-stream-1.1.14.tgz"
  integrity sha1-fPTFTvZI44EwhMY23SB54WbAgdk=
  dependencies:
    core-util-is "~1.0.0"
    inherits "~2.0.1"
    isarray "0.0.1"
    string_decoder "~0.10.x"

readable-stream@^2.2.2:
  version "2.3.7"
  resolved "https://registry.npmjs.org/readable-stream/-/readable-stream-2.3.7.tgz"
  integrity sha512-Ebho8K4jIbHAxnuxi7o42OrZgF/ZTNcsZj6nRKyUmkhLFq8CHItp/fy6hQZuZmP/n3yZ9VBUbp4zz/mX8hmYPw==
  dependencies:
    core-util-is "~1.0.0"
    inherits "~2.0.3"
    isarray "~1.0.0"
    process-nextick-args "~2.0.0"
    safe-buffer "~5.1.1"
    string_decoder "~1.1.1"
    util-deprecate "~1.0.1"

resolve-path@^1.4.0:
  version "1.4.0"
  resolved "https://registry.yarnpkg.com/resolve-path/-/resolve-path-1.4.0.tgz#c4bda9f5efb2fce65247873ab36bb4d834fe16f7"
  integrity sha1-xL2p9e+y/OZSR4c6s2u02DT+Fvc=
  dependencies:
    http-errors "~1.6.2"
    path-is-absolute "1.0.1"

safe-buffer@5.1.2, safe-buffer@~5.1.0, safe-buffer@~5.1.1:
  version "5.1.2"
  resolved "https://registry.npmjs.org/safe-buffer/-/safe-buffer-5.1.2.tgz"
  integrity sha512-Gd2UZBJDkXlY7GbJxfsE8/nvKkUEU1G38c1siN6QP6a9PT9MmHB8GnpscSmMJSoF8LOIrt8ud/wPtojys4G6+g==

"safer-buffer@>= 2.1.2 < 3":
  version "2.1.2"
  resolved "https://registry.npmjs.org/safer-buffer/-/safer-buffer-2.1.2.tgz"
  integrity sha512-YZo3K82SD7Riyi0E1EQPojLz7kpepnSQI9IyPbHHg1XXXevb5dJI7tpyN2ADxGcQbHG7vcyRHk0cbwqcQriUtg==

setprototypeof@1.1.0:
  version "1.1.0"
  resolved "https://registry.yarnpkg.com/setprototypeof/-/setprototypeof-1.1.0.tgz#d0bd85536887b6fe7c0d818cb962d9d91c54e656"
  integrity sha512-BvE/TwpZX4FXExxOxZyRGQQv651MSwmWKZGqvmPcRIjDqWub67kTKuIMx43cZZrS/cBBzwBcNDWoFxt2XEFIpQ==

setprototypeof@1.1.1:
  version "1.1.1"
  resolved "https://registry.npmjs.org/setprototypeof/-/setprototypeof-1.1.1.tgz"
  integrity sha512-JvdAWfbXeIGaZ9cILp38HntZSFSo3mWg6xGcJJsd+d4aRMOqauag1C63dJfDw7OaMYwEbHMOxEZ1lqVRYP2OAw==

setprototypeof@1.2.0:
  version "1.2.0"
  resolved "https://registry.npmjs.org/setprototypeof/-/setprototypeof-1.2.0.tgz"
  integrity sha512-E5LDX7Wrp85Kil5bhZv46j8jOeboKq5JMmYM3gVGdGH8xFpPWXUMsNrlODCrkoxMEeNi/XZIwuRvY4XNwYMJpw==

side-channel@^1.0.4:
  version "1.0.4"
  resolved "https://registry.npmjs.org/side-channel/-/side-channel-1.0.4.tgz"
  integrity sha512-q5XPytqFEIKHkGdiMIrY10mvLRvnQh42/+GoBlFW3b2LXLE2xxJpZFdm94we0BaoV3RwJyGqg5wS7epxTv0Zvw==
  dependencies:
    call-bind "^1.0.0"
    get-intrinsic "^1.0.2"
    object-inspect "^1.9.0"

"statuses@>= 1.4.0 < 2", "statuses@>= 1.5.0 < 2", statuses@^1.5.0:
  version "1.5.0"
  resolved "https://registry.npmjs.org/statuses/-/statuses-1.5.0.tgz"
  integrity sha1-Fhx9rBd2Wf2YEfQ3cfqZOBR4Yow=

streamsearch@0.1.2:
  version "0.1.2"
  resolved "https://registry.npmjs.org/streamsearch/-/streamsearch-0.1.2.tgz"
  integrity sha1-gIudDlb8Jz2Am6VzOOkpkZoanxo=

string_decoder@~0.10.x:
  version "0.10.31"
  resolved "https://registry.npmjs.org/string_decoder/-/string_decoder-0.10.31.tgz"
  integrity sha1-YuIDvEF2bGwoyfyEMB2rHFMQ+pQ=

string_decoder@~1.1.1:
  version "1.1.1"
  resolved "https://registry.npmjs.org/string_decoder/-/string_decoder-1.1.1.tgz"
  integrity sha512-n/ShnvDi6FHbbVfviro+WojiFzv+s8MPMHBczVePfUpDJLwoLT0ht1l4YwBCbi8pJAveEEdnkHyPyTP/mzRfwg==
  dependencies:
    safe-buffer "~5.1.0"

toidentifier@1.0.0:
  version "1.0.0"
  resolved "https://registry.npmjs.org/toidentifier/-/toidentifier-1.0.0.tgz"
  integrity sha512-yaOH/Pk/VEhBWWTlhI+qXxDFXlejDGcQipMlyxda9nthulaxLZUNcUqFxokp0vcYnvteJln5FNQDRrxj3YcbVw==

tsscmp@1.0.6:
  version "1.0.6"
  resolved "https://registry.npmjs.org/tsscmp/-/tsscmp-1.0.6.tgz"
  integrity sha512-LxhtAkPDTkVCMQjt2h6eBVY28KCjikZqZfMcC15YBeNjkgUpdCfBu5HoiOTDu86v6smE8yOjyEktJ8hlbANHQA==

type-is@^1.6.16, type-is@^1.6.4:
  version "1.6.18"
  resolved "https://registry.npmjs.org/type-is/-/type-is-1.6.18.tgz"
  integrity sha512-TkRKr9sUTxEH8MdfuCSP7VizJyzRNMjj2J2do2Jr3Kym598JVdEksuzPQCnlFPW4ky9Q+iA+ma9BGm06XQBy8g==
  dependencies:
    media-typer "0.3.0"
    mime-types "~2.1.24"

typedarray@^0.0.6:
  version "0.0.6"
  resolved "https://registry.npmjs.org/typedarray/-/typedarray-0.0.6.tgz"
  integrity sha1-hnrHTjhkGHsdPUfZlqeOxciDB3c=

unpipe@1.0.0:
  version "1.0.0"
  resolved "https://registry.npmjs.org/unpipe/-/unpipe-1.0.0.tgz"
  integrity sha1-sr9O6FFKrmFltIF4KdIbLvSZBOw=

util-deprecate@~1.0.1:
  version "1.0.2"
  resolved "https://registry.npmjs.org/util-deprecate/-/util-deprecate-1.0.2.tgz"
  integrity sha1-RQ1Nyfpw3nMnYvvS1KKJgUGaDM8=

vary@^1.1.2:
  version "1.1.2"
  resolved "https://registry.npmjs.org/vary/-/vary-1.1.2.tgz"
  integrity sha1-IpnwLG3tMNSllhsLn3RSShj2NPw=

xtend@^4.0.0:
  version "4.0.2"
  resolved "https://registry.npmjs.org/xtend/-/xtend-4.0.2.tgz"
  integrity sha512-LKYU1iAXJXUgAXn9URjiu+MWhyUXHsvfp7mcuYm9dSUKK0/CjtrUwFAxD82/mCWbtLsGjFIad0wIsod4zrTAEQ==

ylru@^1.2.0:
  version "1.2.1"
  resolved "https://registry.npmjs.org/ylru/-/ylru-1.2.1.tgz"
  integrity sha512-faQrqNMzcPCHGVC2aaOINk13K+aaBDUPjGWl0teOXywElLjyVAB6Oe2jj62jHYtwsU49jXhScYbvPENK+6zAvQ==
